// !$*UTF8*$!
{
	archiveVersion = 1;
	classes = {
	};
	objectVersion = 46;
	objects = {

/* Begin PBXBuildFile section */
		B20BE96978710A1917256C2C /* libPods-YTKPackageDemo.a in Frameworks */ = {isa = PBXBuildFile; fileRef = ADB0FCCFC1D119EB2F1B5825 /* libPods-YTKPackageDemo.a */; };
		D6B5FFCA1DAB328A00613C6A /* main.m in Sources */ = {isa = PBXBuildFile; fileRef = D6B5FFC91DAB328A00613C6A /* main.m */; };
		D6B5FFCD1DAB328A00613C6A /* AppDelegate.m in Sources */ = {isa = PBXBuildFile; fileRef = D6B5FFCC1DAB328A00613C6A /* AppDelegate.m */; };
		D6B5FFD01DAB328A00613C6A /* ViewController.m in Sources */ = {isa = PBXBuildFile; fileRef = D6B5FFCF1DAB328A00613C6A /* ViewController.m */; };
		D6B5FFD31DAB328A00613C6A /* Main.storyboard in Resources */ = {isa = PBXBuildFile; fileRef = D6B5FFD11DAB328A00613C6A /* Main.storyboard */; };
		D6B5FFD51DAB328A00613C6A /* Assets.xcassets in Resources */ = {isa = PBXBuildFile; fileRef = D6B5FFD41DAB328A00613C6A /* Assets.xcassets */; };
		D6B5FFD81DAB328A00613C6A /* LaunchScreen.storyboard in Resources */ = {isa = PBXBuildFile; fileRef = D6B5FFD61DAB328A00613C6A /* LaunchScreen.storyboard */; };
/* End PBXBuildFile section */

/* Begin PBXFileReference section */
		5BF5C93FF5AB1432F33AB52E /* Pods-YTKPackageDemo.release.xcconfig */ = {isa = PBXFileReference; includeInIndex = 1; lastKnownFileType = text.xcconfig; name = "Pods-YTKPackageDemo.release.xcconfig"; path = "Pods/Target Support Files/Pods-YTKPackageDemo/Pods-YTKPackageDemo.release.xcconfig"; sourceTree = "<group>"; };
		ADB0FCCFC1D119EB2F1B5825 /* libPods-YTKPackageDemo.a */ = {isa = PBXFileReference; explicitFileType = archive.ar; includeInIndex = 0; path = "libPods-YTKPackageDemo.a"; sourceTree = BUILT_PRODUCTS_DIR; };
		BC574C33C93D1EC2FE1C0D6E /* Pods-YTKPackageDemo.debug.xcconfig */ = {isa = PBXFileReference; includeInIndex = 1; lastKnownFileType = text.xcconfig; name = "Pods-YTKPackageDemo.debug.xcconfig"; path = "Pods/Target Support Files/Pods-YTKPackageDemo/Pods-YTKPackageDemo.debug.xcconfig"; sourceTree = "<group>"; };
		D6B5FFC51DAB328A00613C6A /* YTKPackageDemo.app */ = {isa = PBXFileReference; explicitFileType = wrapper.application; includeInIndex = 0; path = YTKPackageDemo.app; sourceTree = BUILT_PRODUCTS_DIR; };
		D6B5FFC91DAB328A00613C6A /* main.m */ = {isa = PBXFileReference; lastKnownFileType = sourcecode.c.objc; path = main.m; sourceTree = "<group>"; };
		D6B5FFCB1DAB328A00613C6A /* AppDelegate.h */ = {isa = PBXFileReference; lastKnownFileType = sourcecode.c.h; path = AppDelegate.h; sourceTree = "<group>"; };
		D6B5FFCC1DAB328A00613C6A /* AppDelegate.m */ = {isa = PBXFileReference; lastKnownFileType = sourcecode.c.objc; path = AppDelegate.m; sourceTree = "<group>"; };
		D6B5FFCE1DAB328A00613C6A /* ViewController.h */ = {isa = PBXFileReference; lastKnownFileType = sourcecode.c.h; path = ViewController.h; sourceTree = "<group>"; };
		D6B5FFCF1DAB328A00613C6A /* ViewController.m */ = {isa = PBXFileReference; lastKnownFileType = sourcecode.c.objc; path = ViewController.m; sourceTree = "<group>"; };
		D6B5FFD21DAB328A00613C6A /* Base */ = {isa = PBXFileReference; lastKnownFileType = file.storyboard; name = Base; path = Base.lproj/Main.storyboard; sourceTree = "<group>"; };
		D6B5FFD41DAB328A00613C6A /* Assets.xcassets */ = {isa = PBXFileReference; lastKnownFileType = folder.assetcatalog; path = Assets.xcassets; sourceTree = "<group>"; };
		D6B5FFD71DAB328A00613C6A /* Base */ = {isa = PBXFileReference; lastKnownFileType = file.storyboard; name = Base; path = Base.lproj/LaunchScreen.storyboard; sourceTree = "<group>"; };
		D6B5FFD91DAB328A00613C6A /* Info.plist */ = {isa = PBXFileReference; lastKnownFileType = text.plist.xml; path = Info.plist; sourceTree = "<group>"; };
/* End PBXFileReference section */

/* Begin PBXFrameworksBuildPhase section */
		D6B5FFC21DAB328900613C6A /* Frameworks */ = {
			isa = PBXFrameworksBuildPhase;
			buildActionMask = 2147483647;
			files = (
				B20BE96978710A1917256C2C /* libPods-YTKPackageDemo.a in Frameworks */,
			);
			runOnlyForDeploymentPostprocessing = 0;
		};
/* End PBXFrameworksBuildPhase section */

/* Begin PBXGroup section */
		16304DE9910C3890B4D040F1 /* Pods */ = {
			isa = PBXGroup;
			children = (
				BC574C33C93D1EC2FE1C0D6E /* Pods-YTKPackageDemo.debug.xcconfig */,
				5BF5C93FF5AB1432F33AB52E /* Pods-YTKPackageDemo.release.xcconfig */,
			);
			name = Pods;
			sourceTree = "<group>";
		};
		65AAFF56C21CF176C6D3F33C /* Frameworks */ = {
			isa = PBXGroup;
			children = (
				ADB0FCCFC1D119EB2F1B5825 /* libPods-YTKPackageDemo.a */,
			);
			name = Frameworks;
			sourceTree = "<group>";
		};
		D6B5FFBC1DAB328900613C6A = {
			isa = PBXGroup;
			children = (
				D6B5FFC71DAB328A00613C6A /* YTKPackageDemo */,
				D6B5FFC61DAB328A00613C6A /* Products */,
				16304DE9910C3890B4D040F1 /* Pods */,
				65AAFF56C21CF176C6D3F33C /* Frameworks */,
			);
			sourceTree = "<group>";
		};
		D6B5FFC61DAB328A00613C6A /* Products */ = {
			isa = PBXGroup;
			children = (
				D6B5FFC51DAB328A00613C6A /* YTKPackageDemo.app */,
			);
			name = Products;
			sourceTree = "<group>";
		};
		D6B5FFC71DAB328A00613C6A /* YTKPackageDemo */ = {
			isa = PBXGroup;
			children = (
				D6B5FFCB1DAB328A00613C6A /* AppDelegate.h */,
				D6B5FFCC1DAB328A00613C6A /* AppDelegate.m */,
				D6B5FFCE1DAB328A00613C6A /* ViewController.h */,
				D6B5FFCF1DAB328A00613C6A /* ViewController.m */,
				D6B5FFD11DAB328A00613C6A /* Main.storyboard */,
				D6B5FFD41DAB328A00613C6A /* Assets.xcassets */,
				D6B5FFD61DAB328A00613C6A /* LaunchScreen.storyboard */,
				D6B5FFD91DAB328A00613C6A /* Info.plist */,
				D6B5FFC81DAB328A00613C6A /* Supporting Files */,
			);
			path = YTKPackageDemo;
			sourceTree = "<group>";
		};
		D6B5FFC81DAB328A00613C6A /* Supporting Files */ = {
			isa = PBXGroup;
			children = (
				D6B5FFC91DAB328A00613C6A /* main.m */,
			);
			name = "Supporting Files";
			sourceTree = "<group>";
		};
/* End PBXGroup section */

/* Begin PBXNativeTarget section */
		D6B5FFC41DAB328900613C6A /* YTKPackageDemo */ = {
			isa = PBXNativeTarget;
			buildConfigurationList = D6B5FFDC1DAB328A00613C6A /* Build configuration list for PBXNativeTarget "YTKPackageDemo" */;
			buildPhases = (
				25FC231DF37EFADAD303EF05 /* [CP] Check Pods Manifest.lock */,
				D6B5FFC11DAB328900613C6A /* Sources */,
				D6B5FFC21DAB328900613C6A /* Frameworks */,
				D6B5FFC31DAB328900613C6A /* Resources */,
				7962526E04D5946328EA2BE8 /* [CP] Embed Pods Frameworks */,
				067602031CC3CCFF698D8CA7 /* [CP] Copy Pods Resources */,
			);
			buildRules = (
			);
			dependencies = (
			);
			name = YTKPackageDemo;
			productName = YTKPackageDemo;
			productReference = D6B5FFC51DAB328A00613C6A /* YTKPackageDemo.app */;
			productType = "com.apple.product-type.application";
		};
/* End PBXNativeTarget section */

/* Begin PBXProject section */
		D6B5FFBD1DAB328900613C6A /* Project object */ = {
			isa = PBXProject;
			attributes = {
				LastUpgradeCheck = 0800;
				ORGANIZATIONNAME = chenkai;
				TargetAttributes = {
					D6B5FFC41DAB328900613C6A = {
						CreatedOnToolsVersion = 8.0;
						DevelopmentTeam = HD29GU94HU;
						ProvisioningStyle = Automatic;
					};
				};
			};
			buildConfigurationList = D6B5FFC01DAB328900613C6A /* Build configuration list for PBXProject "YTKPackageDemo" */;
			compatibilityVersion = "Xcode 3.2";
			developmentRegion = English;
			hasScannedForEncodings = 0;
			knownRegions = (
				en,
				Base,
			);
			mainGroup = D6B5FFBC1DAB328900613C6A;
			productRefGroup = D6B5FFC61DAB328A00613C6A /* Products */;
			projectDirPath = "";
			projectRoot = "";
			targets = (
				D6B5FFC41DAB328900613C6A /* YTKPackageDemo */,
			);
		};
/* End PBXProject section */

/* Begin PBXResourcesBuildPhase section */
		D6B5FFC31DAB328900613C6A /* Resources */ = {
			isa = PBXResourcesBuildPhase;
			buildActionMask = 2147483647;
			files = (
				D6B5FFD81DAB328A00613C6A /* LaunchScreen.storyboard in Resources */,
				D6B5FFD51DAB328A00613C6A /* Assets.xcassets in Resources */,
				D6B5FFD31DAB328A00613C6A /* Main.storyboard in Resources */,
			);
			runOnlyForDeploymentPostprocessing = 0;
		};
/* End PBXResourcesBuildPhase section */

/* Begin PBXShellScriptBuildPhase section */
		067602031CC3CCFF698D8CA7 /* [CP] Copy Pods Resources */ = {
			isa = PBXShellScriptBuildPhase;
			buildActionMask = 2147483647;
			files = (
			);
			inputPaths = (
			);
			name = "[CP] Copy Pods Resources";
			outputPaths = (
			);
			runOnlyForDeploymentPostprocessing = 0;
			shellPath = /bin/sh;
			shellScript = "\"${SRCROOT}/Pods/Target Support Files/Pods-YTKPackageDemo/Pods-YTKPackageDemo-resources.sh\"\n";
			showEnvVarsInLog = 0;
		};
		25FC231DF37EFADAD303EF05 /* [CP] Check Pods Manifest.lock */ = {
			isa = PBXShellScriptBuildPhase;
			buildActionMask = 2147483647;
			files = (
			);
			inputPaths = (
			);
			name = "[CP] Check Pods Manifest.lock";
			outputPaths = (
			);
			runOnlyForDeploymentPostprocessing = 0;
			shellPath = /bin/sh;
			shellScript = "diff \"${PODS_ROOT}/../Podfile.lock\" \"${PODS_ROOT}/Manifest.lock\" > /dev/null\nif [[ $? != 0 ]] ; then\n    cat << EOM\nerror: The sandbox is not in sync with the Podfile.lock. Run 'pod install' or update your CocoaPods installation.\nEOM\n    exit 1\nfi\n";
			showEnvVarsInLog = 0;
		};
		7962526E04D5946328EA2BE8 /* [CP] Embed Pods Frameworks */ = {
			isa = PBXShellScriptBuildPhase;
			buildActionMask = 2147483647;
			files = (
			);
			inputPaths = (
			);
			name = "[CP] Embed Pods Frameworks";
			outputPaths = (
			);
			runOnlyForDeploymentPostprocessing = 0;
			shellPath = /bin/sh;
			shellScript = "\"${SRCROOT}/Pods/Target Support Files/Pods-YTKPackageDemo/Pods-YTKPackageDemo-frameworks.sh\"\n";
			showEnvVarsInLog = 0;
		};
/* End PBXShellScriptBuildPhase section */

/* Begin PBXSourcesBuildPhase section */
		D6B5FFC11DAB328900613C6A /* Sources */ = {
			isa = PBXSourcesBuildPhase;
			buildActionMask = 2147483647;
			files = (
				D6B5FFD01DAB328A00613C6A /* ViewController.m in Sources */,
				D6B5FFCD1DAB328A00613C6A /* AppDelegate.m in Sources */,
				D6B5FFCA1DAB328A00613C6A /* main.m in Sources */,
			);
			runOnlyForDeploymentPostprocessing = 0;
		};
/* End PBXSourcesBuildPhase section */

/* Begin PBXVariantGroup section */
		D6B5FFD11DAB328A00613C6A /* Main.storyboard */ = {
			isa = PBXVariantGroup;
			children = (
				D6B5FFD21DAB328A00613C6A /* Base */,
			);
			name = Main.storyboard;
			sourceTree = "<group>";
		};
		D6B5FFD61DAB328A00613C6A /* LaunchScreen.storyboard */ = {
			isa = PBXVariantGroup;
			children = (
				D6B5FFD71DAB328A00613C6A /* Base */,
			);
			name = LaunchScreen.storyboard;
			sourceTree = "<group>";
		};
/* End PBXVariantGroup section */

/* Begin XCBuildConfiguration section */
		D6B5FFDA1DAB328A00613C6A /* Debug */ = {
			isa = XCBuildConfiguration;
			buildSettings = {
				ALWAYS_SEARCH_USER_PATHS = NO;
				CLANG_ANALYZER_NONNULL = YES;
				CLANG_CXX_LANGUAGE_STANDARD = "gnu++0x";
				CLANG_CXX_LIBRARY = "libc++";
				CLANG_ENABLE_MODULES = YES;
				CLANG_ENABLE_OBJC_ARC = YES;
				CLANG_WARN_BOOL_CONVERSION = YES;
				CLANG_WARN_CONSTANT_CONVERSION = YES;
				CLANG_WARN_DIRECT_OBJC_ISA_USAGE = YES_ERROR;
				CLANG_WARN_DOCUMENTATION_COMMENTS = YES;
				CLANG_WARN_EMPTY_BODY = YES;
				CLANG_WARN_ENUM_CONVERSION = YES;
				CLANG_WARN_INFINITE_RECURSION = YES;
				CLANG_WARN_INT_CONVERSION = YES;
				CLANG_WARN_OBJC_ROOT_CLASS = YES_ERROR;
				CLANG_WARN_SUSPICIOUS_MOVES = YES;
				CLANG_WARN_UNREACHABLE_CODE = YES;
				CLANG_WARN__DUPLICATE_METHOD_MATCH = YES;
				"CODE_SIGN_IDENTITY[sdk=iphoneos*]" = "iPhone Developer";
				COPY_PHASE_STRIP = NO;
				DEBUG_INFORMATION_FORMAT = dwarf;
				ENABLE_STRICT_OBJC_MSGSEND = YES;
				ENABLE_TESTABILITY = YES;
				GCC_C_LANGUAGE_STANDARD = gnu99;
				GCC_DYNAMIC_NO_PIC = NO;
				GCC_NO_COMMON_BLOCKS = YES;
				GCC_OPTIMIZATION_LEVEL = 0;
				GCC_PREPROCESSOR_DEFINITIONS = (
					"DEBUG=1",
					"$(inherited)",
				);
				GCC_WARN_64_TO_32_BIT_CONVERSION = YES;
				GCC_WARN_ABOUT_RETURN_TYPE = YES_ERROR;
				GCC_WARN_UNDECLARED_SELECTOR = YES;
				GCC_WARN_UNINITIALIZED_AUTOS = YES_AGGRESSIVE;
				GCC_WARN_UNUSED_FUNCTION = YES;
				GCC_WARN_UNUSED_VARIABLE = YES;
				IPHONEOS_DEPLOYMENT_TARGET = 10.0;
				MTL_ENABLE_DEBUG_INFO = YES;
				ONLY_ACTIVE_ARCH = YES;
				SDKROOT = iphoneos;
			};
			name = Debug;
		};
		D6B5FFDB1DAB328A00613C6A /* Release */ = {
			isa = XCBuildConfiguration;
			buildSettings = {
				ALWAYS_SEARCH_USER_PATHS = NO;
				CLANG_ANALYZER_NONNULL = YES;
				CLANG_CXX_LANGUAGE_STANDARD = "gnu++0x";
				CLANG_CXX_LIBRARY = "libc++";
				CLANG_ENABLE_MODULES = YES;
				CLANG_ENABLE_OBJC_ARC = YES;
				CLANG_WARN_BOOL_CONVERSION = YES;
				CLANG_WARN_CONSTANT_CONVERSION = YES;
				CLANG_WARN_DIRECT_OBJC_ISA_USAGE = YES_ERROR;
				CLANG_WARN_DOCUMENTATION_COMMENTS = YES;
				CLANG_WARN_EMPTY_BODY = YES;
				CLANG_WARN_ENUM_CONVERSION = YES;
				CLANG_WARN_INFINITE_RECURSION = YES;
				CLANG_WARN_INT_CONVERSION = YES;
				CLANG_WARN_OBJC_ROOT_CLASS = YES_ERROR;
				CLANG_WARN_SUSPICIOUS_MOVES = YES;
				CLANG_WARN_UNREACHABLE_CODE = YES;
				CLANG_WARN__DUPLICATE_METHOD_MATCH = YES;
				"CODE_SIGN_IDENTITY[sdk=iphoneos*]" = "iPhone Developer";
				COPY_PHASE_STRIP = NO;
				DEBUG_INFORMATION_FORMAT = "dwarf-with-dsym";
				ENABLE_NS_ASSERTIONS = NO;
				ENABLE_STRICT_OBJC_MSGSEND = YES;
				GCC_C_LANGUAGE_STANDARD = gnu99;
				GCC_NO_COMMON_BLOCKS = YES;
				GCC_WARN_64_TO_32_BIT_CONVERSION = YES;
				GCC_WARN_ABOUT_RETURN_TYPE = YES_ERROR;
				GCC_WARN_UNDECLARED_SELECTOR = YES;
				GCC_WARN_UNINITIALIZED_AUTOS = YES_AGGRESSIVE;
				GCC_WARN_UNUSED_FUNCTION = YES;
				GCC_WARN_UNUSED_VARIABLE = YES;
				IPHONEOS_DEPLOYMENT_TARGET = 10.0;
				MTL_ENABLE_DEBUG_INFO = NO;
				SDKROOT = iphoneos;
				VALIDATE_PRODUCT = YES;
			};
			name = Release;
		};
		D6B5FFDD1DAB328A00613C6A /* Debug */ = {
			isa = XCBuildConfiguration;
			baseConfigurationReference = BC574C33C93D1EC2FE1C0D6E /* Pods-YTKPackageDemo.debug.xcconfig */;
			buildSettings = {
				ASSETCATALOG_COMPILER_APPICON_NAME = AppIcon;
				DEVELOPMENT_TEAM = HD29GU94HU;
				INFOPLIST_FILE = YTKPackageDemo/Info.plist;
				LD_RUNPATH_SEARCH_PATHS = "$(inherited) @executable_path/Frameworks";
				PRODUCT_BUNDLE_IDENTIFIER = com.Personal.YTKPackageDemo;
				PRODUCT_NAME = "$(TARGET_NAME)";
			};
			name = Debug;
		};
		D6B5FFDE1DAB328A00613C6A /* Release */ = {
			isa = XCBuildConfiguration;
			baseConfigurationReference = 5BF5C93FF5AB1432F33AB52E /* Pods-YTKPackageDemo.release.xcconfig */;
			buildSettings = {
				ASSETCATALOG_COMPILER_APPICON_NAME = AppIcon;
				DEVELOPMENT_TEAM = HD29GU94HU;
				INFOPLIST_FILE = YTKPackageDemo/Info.plist;
				LD_RUNPATH_SEARCH_PATHS = "$(inherited) @executable_path/Frameworks";
				PRODUCT_BUNDLE_IDENTIFIER = com.Personal.YTKPackageDemo;
				PRODUCT_NAME = "$(TARGET_NAME)";
			};
			name = Release;
		};
/* End XCBuildConfiguration section */

/* Begin XCConfigurationList section */
		D6B5FFC01DAB328900613C6A /* Build configuration list for PBXProject "YTKPackageDemo" */ = {
			isa = XCConfigurationList;
			buildConfigurations = (
				D6B5FFDA1DAB328A00613C6A /* Debug */,
				D6B5FFDB1DAB328A00613C6A /* Release */,
			);
			defaultConfigurationIsVisible = 0;
			defaultConfigurationName = Release;
		};
		D6B5FFDC1DAB328A00613C6A /* Build configuration list for PBXNativeTarget "YTKPackageDemo" */ = {
			isa = XCConfigurationList;
			buildConfigurations = (
				D6B5FFDD1DAB328A00613C6A /* Debug */,
				D6B5FFDE1DAB328A00613C6A /* Release */,
			);
			defaultConfigurationIsVisible = 0;
			defaultConfigurationName = Release;
		};
/* End XCConfigurationList section */
	};
	rootObject = D6B5FFBD1DAB328900613C6A /* Project object */;
}
